// !$*UTF8*$!
{
	archiveVersion = 1;
	classes = {
	};
	objectVersion = 46;
	objects = {

/* Begin PBXBuildFile section */
		624F9636D6604FE555AD22BC /* Pods_BG_Tourist_Guide.framework in Frameworks */ = {isa = PBXBuildFile; fileRef = A354B58C9D7A83B4340F360B /* Pods_BG_Tourist_Guide.framework */; };
		C9016DAC1C6165AF00798C07 /* TMParentTouristSiteModel.m in Sources */ = {isa = PBXBuildFile; fileRef = C9016DAB1C6165AF00798C07 /* TMParentTouristSiteModel.m */; };
		C9016DAF1C6166E200798C07 /* TMTouristSiteModel.m in Sources */ = {isa = PBXBuildFile; fileRef = C9016DAE1C6166E200798C07 /* TMTouristSiteModel.m */; };
		C9041B481C64A29D004B5708 /* LoginViewController.m in Sources */ = {isa = PBXBuildFile; fileRef = C9041B451C64A29D004B5708 /* LoginViewController.m */; };
		C9041B491C64A29D004B5708 /* RegisterViewController.m in Sources */ = {isa = PBXBuildFile; fileRef = C9041B471C64A29D004B5708 /* RegisterViewController.m */; };
		C9041B501C64A2AC004B5708 /* OfficialTouristSitesViewController.m in Sources */ = {isa = PBXBuildFile; fileRef = C9041B4B1C64A2AC004B5708 /* OfficialTouristSitesViewController.m */; };
		C9041B511C64A2AC004B5708 /* ParentDetailsViewController.m in Sources */ = {isa = PBXBuildFile; fileRef = C9041B4D1C64A2AC004B5708 /* ParentDetailsViewController.m */; };
		C9041B521C64A2AC004B5708 /* RateViewController.m in Sources */ = {isa = PBXBuildFile; fileRef = C9041B4F1C64A2AC004B5708 /* RateViewController.m */; };
		C9041B551C64A2CF004B5708 /* TouristSiteDetailsViewController.m in Sources */ = {isa = PBXBuildFile; fileRef = C9041B541C64A2CF004B5708 /* TouristSiteDetailsViewController.m */; };
		C9041B581C64A34C004B5708 /* TMSQLiteDatabaseHandler.m in Sources */ = {isa = PBXBuildFile; fileRef = C9041B571C64A34C004B5708 /* TMSQLiteDatabaseHandler.m */; };
		C9041B5D1C64A361004B5708 /* TMParentTouristSiteContracts.m in Sources */ = {isa = PBXBuildFile; fileRef = C9041B5A1C64A361004B5708 /* TMParentTouristSiteContracts.m */; };
		C9041B5E1C64A361004B5708 /* TMTouristSiteContracts.m in Sources */ = {isa = PBXBuildFile; fileRef = C9041B5C1C64A361004B5708 /* TMTouristSiteContracts.m */; };
		C9041B611C64CEC9004B5708 /* NearMeViewController.m in Sources */ = {isa = PBXBuildFile; fileRef = C9041B601C64CEC9004B5708 /* NearMeViewController.m */; };
		C954C7B91C6015AA00E12996 /* MainViewController.m in Sources */ = {isa = PBXBuildFile; fileRef = C954C7B51C6015AA00E12996 /* MainViewController.m */; };
		C954C7C41C6015E300E12996 /* TMActivityIndicatorFactory.m in Sources */ = {isa = PBXBuildFile; fileRef = C954C7BD1C6015E300E12996 /* TMActivityIndicatorFactory.m */; };
		C954C7C51C6015E300E12996 /* TMAlertControllerFactory.m in Sources */ = {isa = PBXBuildFile; fileRef = C954C7BF1C6015E300E12996 /* TMAlertControllerFactory.m */; };
		C954C7C61C6015E300E12996 /* TMConstants.m in Sources */ = {isa = PBXBuildFile; fileRef = C954C7C11C6015E300E12996 /* TMConstants.m */; };
		C954C7D71C60165C00E12996 /* TMRequester.m in Sources */ = {isa = PBXBuildFile; fileRef = C954C7D61C60165C00E12996 /* TMRequester.m */; };
		C96066DB1C622BD00070D36E /* Bulgarian-Gerb.gif in Resources */ = {isa = PBXBuildFile; fileRef = C96066DA1C622BD00070D36E /* Bulgarian-Gerb.gif */; };
		C96066DE1C6256E10070D36E /* TMProgressAlertDialog.m in Sources */ = {isa = PBXBuildFile; fileRef = C96066DD1C6256E10070D36E /* TMProgressAlertDialog.m */; };
		C97DB6DB1C5D38FA00ED629F /* main.m in Sources */ = {isa = PBXBuildFile; fileRef = C97DB6DA1C5D38FA00ED629F /* main.m */; };
		C97DB6DE1C5D38FA00ED629F /* AppDelegate.m in Sources */ = {isa = PBXBuildFile; fileRef = C97DB6DD1C5D38FA00ED629F /* AppDelegate.m */; };
		C97DB6E41C5D38FB00ED629F /* Main.storyboard in Resources */ = {isa = PBXBuildFile; fileRef = C97DB6E21C5D38FB00ED629F /* Main.storyboard */; };
		C97DB6E61C5D38FB00ED629F /* Assets.xcassets in Resources */ = {isa = PBXBuildFile; fileRef = C97DB6E51C5D38FB00ED629F /* Assets.xcassets */; };
		C97DB6E91C5D38FB00ED629F /* LaunchScreen.storyboard in Resources */ = {isa = PBXBuildFile; fileRef = C97DB6E71C5D38FB00ED629F /* LaunchScreen.storyboard */; };
		C99496671C65581500EBF25D /* AddParentTouristSiteViewController.m in Sources */ = {isa = PBXBuildFile; fileRef = C99496661C65581500EBF25D /* AddParentTouristSiteViewController.m */; };
		C99496711C65689800EBF25D /* AddTouristSiteViewController.m in Sources */ = {isa = PBXBuildFile; fileRef = C99496701C65689800EBF25D /* AddTouristSiteViewController.m */; };
		C99496741C65DF4A00EBF25D /* UnofficialTouristSitesViewController.m in Sources */ = {isa = PBXBuildFile; fileRef = C99496731C65DF4A00EBF25D /* UnofficialTouristSitesViewController.m */; };
		C99496771C65FB9E00EBF25D /* ScoreboardViewController.m in Sources */ = {isa = PBXBuildFile; fileRef = C99496761C65FB9E00EBF25D /* ScoreboardViewController.m */; };
		C994967A1C65FC0500EBF25D /* TMCommonServices.m in Sources */ = {isa = PBXBuildFile; fileRef = C99496791C65FC0500EBF25D /* TMCommonServices.m */; };
		C99496801C65FC8600EBF25D /* TMParentTouristSiteRequestModel.m in Sources */ = {isa = PBXBuildFile; fileRef = C994967D1C65FC8600EBF25D /* TMParentTouristSiteRequestModel.m */; };
		C99496811C65FC8600EBF25D /* TMTouristSiteRequestModel.m in Sources */ = {isa = PBXBuildFile; fileRef = C994967F1C65FC8600EBF25D /* TMTouristSiteRequestModel.m */; };
		C994968C1C65FC9200EBF25D /* TMParentTouristSiteInfoResponseModel.m in Sources */ = {isa = PBXBuildFile; fileRef = C99496831C65FC9200EBF25D /* TMParentTouristSiteInfoResponseModel.m */; };
		C994968D1C65FC9200EBF25D /* TMParentTouristSiteResponseModel.m in Sources */ = {isa = PBXBuildFile; fileRef = C99496851C65FC9200EBF25D /* TMParentTouristSiteResponseModel.m */; };
		C994968E1C65FC9200EBF25D /* TMSimpleParentTouristSiteResponseModel.m in Sources */ = {isa = PBXBuildFile; fileRef = C99496871C65FC9200EBF25D /* TMSimpleParentTouristSiteResponseModel.m */; };
		C994968F1C65FC9200EBF25D /* TMSimpleTouristSiteResponseModel.m in Sources */ = {isa = PBXBuildFile; fileRef = C99496891C65FC9200EBF25D /* TMSimpleTouristSiteResponseModel.m */; };
		C99496901C65FC9200EBF25D /* TMTouristSiteResponseModel.m in Sources */ = {isa = PBXBuildFile; fileRef = C994968B1C65FC9200EBF25D /* TMTouristSiteResponseModel.m */; };
		C99496991C65FCCF00EBF25D /* TMUserLoginResponseModel.m in Sources */ = {isa = PBXBuildFile; fileRef = C99496981C65FCCF00EBF25D /* TMUserLoginResponseModel.m */; };
		C994969E1C65FCD900EBF25D /* TMUserLoginRequestModel.m in Sources */ = {isa = PBXBuildFile; fileRef = C994969B1C65FCD900EBF25D /* TMUserLoginRequestModel.m */; };
		C994969F1C65FCD900EBF25D /* TMUserRegisterRequestModel.m in Sources */ = {isa = PBXBuildFile; fileRef = C994969D1C65FCD900EBF25D /* TMUserRegisterRequestModel.m */; };
		C99496A41C65FD0700EBF25D /* TMScoreboardResponseModel.m in Sources */ = {isa = PBXBuildFile; fileRef = C99496A31C65FD0700EBF25D /* TMScoreboardResponseModel.m */; };
		C99496A71C65FDFD00EBF25D /* TMBaseService.m in Sources */ = {isa = PBXBuildFile; fileRef = C99496A61C65FDFD00EBF25D /* TMBaseService.m */; };
		C9ED0B6B1C6019660085EBF2 /* Logo.png in Resources */ = {isa = PBXBuildFile; fileRef = C9ED0B691C6019660085EBF2 /* Logo.png */; };
		C9ED0B6C1C6019660085EBF2 /* SlimLogo.png in Resources */ = {isa = PBXBuildFile; fileRef = C9ED0B6A1C6019660085EBF2 /* SlimLogo.png */; };
		C9ED0B721C6035BD0085EBF2 /* RoundedCornersButton.m in Sources */ = {isa = PBXBuildFile; fileRef = C9ED0B711C6035BD0085EBF2 /* RoundedCornersButton.m */; };
		C9FDE0611C62B8CD005D0FDB /* CustomTabBarItem.m in Sources */ = {isa = PBXBuildFile; fileRef = C9FDE0601C62B8CD005D0FDB /* CustomTabBarItem.m */; };
		C9FDE06B1C62BE4B005D0FDB /* TMTouristSitesServices.m in Sources */ = {isa = PBXBuildFile; fileRef = C9FDE06A1C62BE4B005D0FDB /* TMTouristSitesServices.m */; };
/* End PBXBuildFile section */

/* Begin PBXFileReference section */
		099F8884153F349DFE1BC24A /* Pods-BG-Tourist-Guide.debug.xcconfig */ = {isa = PBXFileReference; includeInIndex = 1; lastKnownFileType = text.xcconfig; name = "Pods-BG-Tourist-Guide.debug.xcconfig"; path = "Pods/Target Support Files/Pods-BG-Tourist-Guide/Pods-BG-Tourist-Guide.debug.xcconfig"; sourceTree = "<group>"; };
		8C6557488B28C9E673BA445F /* Pods-BG-Tourist-Guide.release.xcconfig */ = {isa = PBXFileReference; includeInIndex = 1; lastKnownFileType = text.xcconfig; name = "Pods-BG-Tourist-Guide.release.xcconfig"; path = "Pods/Target Support Files/Pods-BG-Tourist-Guide/Pods-BG-Tourist-Guide.release.xcconfig"; sourceTree = "<group>"; };
		A354B58C9D7A83B4340F360B /* Pods_BG_Tourist_Guide.framework */ = {isa = PBXFileReference; explicitFileType = wrapper.framework; includeInIndex = 0; path = Pods_BG_Tourist_Guide.framework; sourceTree = BUILT_PRODUCTS_DIR; };
		C9016DAA1C6165AF00798C07 /* TMParentTouristSiteModel.h */ = {isa = PBXFileReference; fileEncoding = 4; lastKnownFileType = sourcecode.c.h; name = TMParentTouristSiteModel.h; path = Data/Models/TMParentTouristSiteModel.h; sourceTree = "<group>"; };
		C9016DAB1C6165AF00798C07 /* TMParentTouristSiteModel.m */ = {isa = PBXFileReference; fileEncoding = 4; lastKnownFileType = sourcecode.c.objc; name = TMParentTouristSiteModel.m; path = Data/Models/TMParentTouristSiteModel.m; sourceTree = "<group>"; };
		C9016DAD1C6166E200798C07 /* TMTouristSiteModel.h */ = {isa = PBXFileReference; fileEncoding = 4; lastKnownFileType = sourcecode.c.h; name = TMTouristSiteModel.h; path = Data/Models/TMTouristSiteModel.h; sourceTree = "<group>"; };
		C9016DAE1C6166E200798C07 /* TMTouristSiteModel.m */ = {isa = PBXFileReference; fileEncoding = 4; lastKnownFileType = sourcecode.c.objc; name = TMTouristSiteModel.m; path = Data/Models/TMTouristSiteModel.m; sourceTree = "<group>"; };
		C9041B441C64A29D004B5708 /* LoginViewController.h */ = {isa = PBXFileReference; fileEncoding = 4; lastKnownFileType = sourcecode.c.h; name = LoginViewController.h; path = ViewControllers/Account/LoginViewController.h; sourceTree = "<group>"; };
		C9041B451C64A29D004B5708 /* LoginViewController.m */ = {isa = PBXFileReference; fileEncoding = 4; lastKnownFileType = sourcecode.c.objc; name = LoginViewController.m; path = ViewControllers/Account/LoginViewController.m; sourceTree = "<group>"; };
		C9041B461C64A29D004B5708 /* RegisterViewController.h */ = {isa = PBXFileReference; fileEncoding = 4; lastKnownFileType = sourcecode.c.h; name = RegisterViewController.h; path = ViewControllers/Account/RegisterViewController.h; sourceTree = "<group>"; };
		C9041B471C64A29D004B5708 /* RegisterViewController.m */ = {isa = PBXFileReference; fileEncoding = 4; lastKnownFileType = sourcecode.c.objc; name = RegisterViewController.m; path = ViewControllers/Account/RegisterViewController.m; sourceTree = "<group>"; };
		C9041B4A1C64A2AC004B5708 /* OfficialTouristSitesViewController.h */ = {isa = PBXFileReference; fileEncoding = 4; lastKnownFileType = sourcecode.c.h; name = OfficialTouristSitesViewController.h; path = ViewControllers/TouristSites/OfficialTouristSitesViewController.h; sourceTree = "<group>"; };
		C9041B4B1C64A2AC004B5708 /* OfficialTouristSitesViewController.m */ = {isa = PBXFileReference; fileEncoding = 4; lastKnownFileType = sourcecode.c.objc; name = OfficialTouristSitesViewController.m; path = ViewControllers/TouristSites/OfficialTouristSitesViewController.m; sourceTree = "<group>"; };
		C9041B4C1C64A2AC004B5708 /* ParentDetailsViewController.h */ = {isa = PBXFileReference; fileEncoding = 4; lastKnownFileType = sourcecode.c.h; name = ParentDetailsViewController.h; path = ViewControllers/TouristSites/ParentDetailsViewController.h; sourceTree = "<group>"; };
		C9041B4D1C64A2AC004B5708 /* ParentDetailsViewController.m */ = {isa = PBXFileReference; fileEncoding = 4; lastKnownFileType = sourcecode.c.objc; name = ParentDetailsViewController.m; path = ViewControllers/TouristSites/ParentDetailsViewController.m; sourceTree = "<group>"; };
		C9041B4E1C64A2AC004B5708 /* RateViewController.h */ = {isa = PBXFileReference; fileEncoding = 4; lastKnownFileType = sourcecode.c.h; name = RateViewController.h; path = ViewControllers/TouristSites/RateViewController.h; sourceTree = "<group>"; };
		C9041B4F1C64A2AC004B5708 /* RateViewController.m */ = {isa = PBXFileReference; fileEncoding = 4; lastKnownFileType = sourcecode.c.objc; name = RateViewController.m; path = ViewControllers/TouristSites/RateViewController.m; sourceTree = "<group>"; };
		C9041B531C64A2CF004B5708 /* TouristSiteDetailsViewController.h */ = {isa = PBXFileReference; fileEncoding = 4; lastKnownFileType = sourcecode.c.h; name = TouristSiteDetailsViewController.h; path = ViewControllers/TouristSites/TouristSiteDetailsViewController.h; sourceTree = "<group>"; };
		C9041B541C64A2CF004B5708 /* TouristSiteDetailsViewController.m */ = {isa = PBXFileReference; fileEncoding = 4; lastKnownFileType = sourcecode.c.objc; name = TouristSiteDetailsViewController.m; path = ViewControllers/TouristSites/TouristSiteDetailsViewController.m; sourceTree = "<group>"; };
		C9041B561C64A34C004B5708 /* TMSQLiteDatabaseHandler.h */ = {isa = PBXFileReference; fileEncoding = 4; lastKnownFileType = sourcecode.c.h; name = TMSQLiteDatabaseHandler.h; path = Data/TMSQLiteDatabaseHandler.h; sourceTree = "<group>"; };
		C9041B571C64A34C004B5708 /* TMSQLiteDatabaseHandler.m */ = {isa = PBXFileReference; fileEncoding = 4; lastKnownFileType = sourcecode.c.objc; name = TMSQLiteDatabaseHandler.m; path = Data/TMSQLiteDatabaseHandler.m; sourceTree = "<group>"; };
		C9041B591C64A361004B5708 /* TMParentTouristSiteContracts.h */ = {isa = PBXFileReference; fileEncoding = 4; lastKnownFileType = sourcecode.c.h; name = TMParentTouristSiteContracts.h; path = Data/Contracts/TMParentTouristSiteContracts.h; sourceTree = "<group>"; };
		C9041B5A1C64A361004B5708 /* TMParentTouristSiteContracts.m */ = {isa = PBXFileReference; fileEncoding = 4; lastKnownFileType = sourcecode.c.objc; name = TMParentTouristSiteContracts.m; path = Data/Contracts/TMParentTouristSiteContracts.m; sourceTree = "<group>"; };
		C9041B5B1C64A361004B5708 /* TMTouristSiteContracts.h */ = {isa = PBXFileReference; fileEncoding = 4; lastKnownFileType = sourcecode.c.h; name = TMTouristSiteContracts.h; path = Data/Contracts/TMTouristSiteContracts.h; sourceTree = "<group>"; };
		C9041B5C1C64A361004B5708 /* TMTouristSiteContracts.m */ = {isa = PBXFileReference; fileEncoding = 4; lastKnownFileType = sourcecode.c.objc; name = TMTouristSiteContracts.m; path = Data/Contracts/TMTouristSiteContracts.m; sourceTree = "<group>"; };
		C9041B5F1C64CEC9004B5708 /* NearMeViewController.h */ = {isa = PBXFileReference; fileEncoding = 4; lastKnownFileType = sourcecode.c.h; name = NearMeViewController.h; path = ViewControllers/TouristSites/NearMeViewController.h; sourceTree = "<group>"; };
		C9041B601C64CEC9004B5708 /* NearMeViewController.m */ = {isa = PBXFileReference; fileEncoding = 4; lastKnownFileType = sourcecode.c.objc; name = NearMeViewController.m; path = ViewControllers/TouristSites/NearMeViewController.m; sourceTree = "<group>"; };
		C954C7B41C6015AA00E12996 /* MainViewController.h */ = {isa = PBXFileReference; fileEncoding = 4; lastKnownFileType = sourcecode.c.h; name = MainViewController.h; path = ViewControllers/MainViewController.h; sourceTree = "<group>"; };
		C954C7B51C6015AA00E12996 /* MainViewController.m */ = {isa = PBXFileReference; fileEncoding = 4; lastKnownFileType = sourcecode.c.objc; name = MainViewController.m; path = ViewControllers/MainViewController.m; sourceTree = "<group>"; };
		C954C7BC1C6015E300E12996 /* TMActivityIndicatorFactory.h */ = {isa = PBXFileReference; fileEncoding = 4; lastKnownFileType = sourcecode.c.h; name = TMActivityIndicatorFactory.h; path = Common/TMActivityIndicatorFactory.h; sourceTree = "<group>"; };
		C954C7BD1C6015E300E12996 /* TMActivityIndicatorFactory.m */ = {isa = PBXFileReference; fileEncoding = 4; lastKnownFileType = sourcecode.c.objc; name = TMActivityIndicatorFactory.m; path = Common/TMActivityIndicatorFactory.m; sourceTree = "<group>"; };
		C954C7BE1C6015E300E12996 /* TMAlertControllerFactory.h */ = {isa = PBXFileReference; fileEncoding = 4; lastKnownFileType = sourcecode.c.h; name = TMAlertControllerFactory.h; path = Common/TMAlertControllerFactory.h; sourceTree = "<group>"; };
		C954C7BF1C6015E300E12996 /* TMAlertControllerFactory.m */ = {isa = PBXFileReference; fileEncoding = 4; lastKnownFileType = sourcecode.c.objc; name = TMAlertControllerFactory.m; path = Common/TMAlertControllerFactory.m; sourceTree = "<group>"; };
		C954C7C01C6015E300E12996 /* TMConstants.h */ = {isa = PBXFileReference; fileEncoding = 4; lastKnownFileType = sourcecode.c.h; name = TMConstants.h; path = Common/TMConstants.h; sourceTree = "<group>"; };
		C954C7C11C6015E300E12996 /* TMConstants.m */ = {isa = PBXFileReference; fileEncoding = 4; lastKnownFileType = sourcecode.c.objc; name = TMConstants.m; path = Common/TMConstants.m; sourceTree = "<group>"; };
		C954C7D51C60165C00E12996 /* TMRequester.h */ = {isa = PBXFileReference; fileEncoding = 4; lastKnownFileType = sourcecode.c.h; name = TMRequester.h; path = Web/TMRequester.h; sourceTree = "<group>"; };
		C954C7D61C60165C00E12996 /* TMRequester.m */ = {isa = PBXFileReference; fileEncoding = 4; lastKnownFileType = sourcecode.c.objc; name = TMRequester.m; path = Web/TMRequester.m; sourceTree = "<group>"; };
		C96066DA1C622BD00070D36E /* Bulgarian-Gerb.gif */ = {isa = PBXFileReference; lastKnownFileType = image.gif; name = "Bulgarian-Gerb.gif"; path = "Images/Bulgarian-Gerb.gif"; sourceTree = "<group>"; };
		C96066DC1C6256E10070D36E /* TMProgressAlertDialog.h */ = {isa = PBXFileReference; fileEncoding = 4; lastKnownFileType = sourcecode.c.h; name = TMProgressAlertDialog.h; path = Common/TMProgressAlertDialog.h; sourceTree = "<group>"; };
		C96066DD1C6256E10070D36E /* TMProgressAlertDialog.m */ = {isa = PBXFileReference; fileEncoding = 4; lastKnownFileType = sourcecode.c.objc; name = TMProgressAlertDialog.m; path = Common/TMProgressAlertDialog.m; sourceTree = "<group>"; };
		C97DB6D61C5D38FA00ED629F /* BG-Tourist-Guide.app */ = {isa = PBXFileReference; explicitFileType = wrapper.application; includeInIndex = 0; path = "BG-Tourist-Guide.app"; sourceTree = BUILT_PRODUCTS_DIR; };
		C97DB6DA1C5D38FA00ED629F /* main.m */ = {isa = PBXFileReference; lastKnownFileType = sourcecode.c.objc; path = main.m; sourceTree = "<group>"; };
		C97DB6DC1C5D38FA00ED629F /* AppDelegate.h */ = {isa = PBXFileReference; lastKnownFileType = sourcecode.c.h; path = AppDelegate.h; sourceTree = "<group>"; };
		C97DB6DD1C5D38FA00ED629F /* AppDelegate.m */ = {isa = PBXFileReference; lastKnownFileType = sourcecode.c.objc; path = AppDelegate.m; sourceTree = "<group>"; };
		C97DB6E31C5D38FB00ED629F /* Base */ = {isa = PBXFileReference; lastKnownFileType = file.storyboard; name = Base; path = Base.lproj/Main.storyboard; sourceTree = "<group>"; };
		C97DB6E51C5D38FB00ED629F /* Assets.xcassets */ = {isa = PBXFileReference; lastKnownFileType = folder.assetcatalog; path = Assets.xcassets; sourceTree = "<group>"; };
		C97DB6E81C5D38FB00ED629F /* Base */ = {isa = PBXFileReference; lastKnownFileType = file.storyboard; name = Base; path = Base.lproj/LaunchScreen.storyboard; sourceTree = "<group>"; };
		C97DB6EA1C5D38FB00ED629F /* Info.plist */ = {isa = PBXFileReference; lastKnownFileType = text.plist.xml; path = Info.plist; sourceTree = "<group>"; };
		C99496651C65581500EBF25D /* AddParentTouristSiteViewController.h */ = {isa = PBXFileReference; fileEncoding = 4; lastKnownFileType = sourcecode.c.h; name = AddParentTouristSiteViewController.h; path = ViewControllers/TouristSites/AddParentTouristSiteViewController.h; sourceTree = "<group>"; };
		C99496661C65581500EBF25D /* AddParentTouristSiteViewController.m */ = {isa = PBXFileReference; fileEncoding = 4; lastKnownFileType = sourcecode.c.objc; name = AddParentTouristSiteViewController.m; path = ViewControllers/TouristSites/AddParentTouristSiteViewController.m; sourceTree = "<group>"; };
		C994966F1C65689800EBF25D /* AddTouristSiteViewController.h */ = {isa = PBXFileReference; fileEncoding = 4; lastKnownFileType = sourcecode.c.h; name = AddTouristSiteViewController.h; path = ViewControllers/TouristSites/AddTouristSiteViewController.h; sourceTree = "<group>"; };
		C99496701C65689800EBF25D /* AddTouristSiteViewController.m */ = {isa = PBXFileReference; fileEncoding = 4; lastKnownFileType = sourcecode.c.objc; name = AddTouristSiteViewController.m; path = ViewControllers/TouristSites/AddTouristSiteViewController.m; sourceTree = "<group>"; };
		C99496721C65DF4A00EBF25D /* UnofficialTouristSitesViewController.h */ = {isa = PBXFileReference; fileEncoding = 4; lastKnownFileType = sourcecode.c.h; name = UnofficialTouristSitesViewController.h; path = ViewControllers/TouristSites/UnofficialTouristSitesViewController.h; sourceTree = "<group>"; };
		C99496731C65DF4A00EBF25D /* UnofficialTouristSitesViewController.m */ = {isa = PBXFileReference; fileEncoding = 4; lastKnownFileType = sourcecode.c.objc; name = UnofficialTouristSitesViewController.m; path = ViewControllers/TouristSites/UnofficialTouristSitesViewController.m; sourceTree = "<group>"; };
		C99496751C65FB9E00EBF25D /* ScoreboardViewController.h */ = {isa = PBXFileReference; fileEncoding = 4; lastKnownFileType = sourcecode.c.h; name = ScoreboardViewController.h; path = ViewControllers/ScoreboardViewController.h; sourceTree = "<group>"; };
		C99496761C65FB9E00EBF25D /* ScoreboardViewController.m */ = {isa = PBXFileReference; fileEncoding = 4; lastKnownFileType = sourcecode.c.objc; name = ScoreboardViewController.m; path = ViewControllers/ScoreboardViewController.m; sourceTree = "<group>"; };
		C99496781C65FC0500EBF25D /* TMCommonServices.h */ = {isa = PBXFileReference; fileEncoding = 4; lastKnownFileType = sourcecode.c.h; name = TMCommonServices.h; path = Web/Services/TMCommonServices.h; sourceTree = "<group>"; };
		C99496791C65FC0500EBF25D /* TMCommonServices.m */ = {isa = PBXFileReference; fileEncoding = 4; lastKnownFileType = sourcecode.c.objc; name = TMCommonServices.m; path = Web/Services/TMCommonServices.m; sourceTree = "<group>"; };
		C994967C1C65FC8600EBF25D /* TMParentTouristSiteRequestModel.h */ = {isa = PBXFileReference; fileEncoding = 4; lastKnownFileType = sourcecode.c.h; name = TMParentTouristSiteRequestModel.h; path = Web/Models/TouristSiteModels/RequestModels/TMParentTouristSiteRequestModel.h; sourceTree = "<group>"; };
		C994967D1C65FC8600EBF25D /* TMParentTouristSiteRequestModel.m */ = {isa = PBXFileReference; fileEncoding = 4; lastKnownFileType = sourcecode.c.objc; name = TMParentTouristSiteRequestModel.m; path = Web/Models/TouristSiteModels/RequestModels/TMParentTouristSiteRequestModel.m; sourceTree = "<group>"; };
		C994967E1C65FC8600EBF25D /* TMTouristSiteRequestModel.h */ = {isa = PBXFileReference; fileEncoding = 4; lastKnownFileType = sourcecode.c.h; name = TMTouristSiteRequestModel.h; path = Web/Models/TouristSiteModels/RequestModels/TMTouristSiteRequestModel.h; sourceTree = "<group>"; };
		C994967F1C65FC8600EBF25D /* TMTouristSiteRequestModel.m */ = {isa = PBXFileReference; fileEncoding = 4; lastKnownFileType = sourcecode.c.objc; name = TMTouristSiteRequestModel.m; path = Web/Models/TouristSiteModels/RequestModels/TMTouristSiteRequestModel.m; sourceTree = "<group>"; };
		C99496821C65FC9200EBF25D /* TMParentTouristSiteInfoResponseModel.h */ = {isa = PBXFileReference; fileEncoding = 4; lastKnownFileType = sourcecode.c.h; name = TMParentTouristSiteInfoResponseModel.h; path = Web/Models/TouristSiteModels/ResponseModels/TMParentTouristSiteInfoResponseModel.h; sourceTree = "<group>"; };
		C99496831C65FC9200EBF25D /* TMParentTouristSiteInfoResponseModel.m */ = {isa = PBXFileReference; fileEncoding = 4; lastKnownFileType = sourcecode.c.objc; name = TMParentTouristSiteInfoResponseModel.m; path = Web/Models/TouristSiteModels/ResponseModels/TMParentTouristSiteInfoResponseModel.m; sourceTree = "<group>"; };
		C99496841C65FC9200EBF25D /* TMParentTouristSiteResponseModel.h */ = {isa = PBXFileReference; fileEncoding = 4; lastKnownFileType = sourcecode.c.h; name = TMParentTouristSiteResponseModel.h; path = Web/Models/TouristSiteModels/ResponseModels/TMParentTouristSiteResponseModel.h; sourceTree = "<group>"; };
		C99496851C65FC9200EBF25D /* TMParentTouristSiteResponseModel.m */ = {isa = PBXFileReference; fileEncoding = 4; lastKnownFileType = sourcecode.c.objc; name = TMParentTouristSiteResponseModel.m; path = Web/Models/TouristSiteModels/ResponseModels/TMParentTouristSiteResponseModel.m; sourceTree = "<group>"; };
		C99496861C65FC9200EBF25D /* TMSimpleParentTouristSiteResponseModel.h */ = {isa = PBXFileReference; fileEncoding = 4; lastKnownFileType = sourcecode.c.h; name = TMSimpleParentTouristSiteResponseModel.h; path = Web/Models/TouristSiteModels/ResponseModels/TMSimpleParentTouristSiteResponseModel.h; sourceTree = "<group>"; };
		C99496871C65FC9200EBF25D /* TMSimpleParentTouristSiteResponseModel.m */ = {isa = PBXFileReference; fileEncoding = 4; lastKnownFileType = sourcecode.c.objc; name = TMSimpleParentTouristSiteResponseModel.m; path = Web/Models/TouristSiteModels/ResponseModels/TMSimpleParentTouristSiteResponseModel.m; sourceTree = "<group>"; };
		C99496881C65FC9200EBF25D /* TMSimpleTouristSiteResponseModel.h */ = {isa = PBXFileReference; fileEncoding = 4; lastKnownFileType = sourcecode.c.h; name = TMSimpleTouristSiteResponseModel.h; path = Web/Models/TouristSiteModels/ResponseModels/TMSimpleTouristSiteResponseModel.h; sourceTree = "<group>"; };
		C99496891C65FC9200EBF25D /* TMSimpleTouristSiteResponseModel.m */ = {isa = PBXFileReference; fileEncoding = 4; lastKnownFileType = sourcecode.c.objc; name = TMSimpleTouristSiteResponseModel.m; path = Web/Models/TouristSiteModels/ResponseModels/TMSimpleTouristSiteResponseModel.m; sourceTree = "<group>"; };
		C994968A1C65FC9200EBF25D /* TMTouristSiteResponseModel.h */ = {isa = PBXFileReference; fileEncoding = 4; lastKnownFileType = sourcecode.c.h; name = TMTouristSiteResponseModel.h; path = Web/Models/TouristSiteModels/ResponseModels/TMTouristSiteResponseModel.h; sourceTree = "<group>"; };
		C994968B1C65FC9200EBF25D /* TMTouristSiteResponseModel.m */ = {isa = PBXFileReference; fileEncoding = 4; lastKnownFileType = sourcecode.c.objc; name = TMTouristSiteResponseModel.m; path = Web/Models/TouristSiteModels/ResponseModels/TMTouristSiteResponseModel.m; sourceTree = "<group>"; };
		C99496971C65FCCF00EBF25D /* TMUserLoginResponseModel.h */ = {isa = PBXFileReference; fileEncoding = 4; lastKnownFileType = sourcecode.c.h; name = TMUserLoginResponseModel.h; path = Web/Models/UserModels/ResponseModels/TMUserLoginResponseModel.h; sourceTree = "<group>"; };
		C99496981C65FCCF00EBF25D /* TMUserLoginResponseModel.m */ = {isa = PBXFileReference; fileEncoding = 4; lastKnownFileType = sourcecode.c.objc; name = TMUserLoginResponseModel.m; path = Web/Models/UserModels/ResponseModels/TMUserLoginResponseModel.m; sourceTree = "<group>"; };
		C994969A1C65FCD900EBF25D /* TMUserLoginRequestModel.h */ = {isa = PBXFileReference; fileEncoding = 4; lastKnownFileType = sourcecode.c.h; name = TMUserLoginRequestModel.h; path = Web/Models/UserModels/RequestModels/TMUserLoginRequestModel.h; sourceTree = "<group>"; };
		C994969B1C65FCD900EBF25D /* TMUserLoginRequestModel.m */ = {isa = PBXFileReference; fileEncoding = 4; lastKnownFileType = sourcecode.c.objc; name = TMUserLoginRequestModel.m; path = Web/Models/UserModels/RequestModels/TMUserLoginRequestModel.m; sourceTree = "<group>"; };
		C994969C1C65FCD900EBF25D /* TMUserRegisterRequestModel.h */ = {isa = PBXFileReference; fileEncoding = 4; lastKnownFileType = sourcecode.c.h; name = TMUserRegisterRequestModel.h; path = Web/Models/UserModels/RequestModels/TMUserRegisterRequestModel.h; sourceTree = "<group>"; };
		C994969D1C65FCD900EBF25D /* TMUserRegisterRequestModel.m */ = {isa = PBXFileReference; fileEncoding = 4; lastKnownFileType = sourcecode.c.objc; name = TMUserRegisterRequestModel.m; path = Web/Models/UserModels/RequestModels/TMUserRegisterRequestModel.m; sourceTree = "<group>"; };
		C99496A21C65FD0700EBF25D /* TMScoreboardResponseModel.h */ = {isa = PBXFileReference; fileEncoding = 4; lastKnownFileType = sourcecode.c.h; name = TMScoreboardResponseModel.h; path = Web/Models/Common/ResponseModels/TMScoreboardResponseModel.h; sourceTree = "<group>"; };
		C99496A31C65FD0700EBF25D /* TMScoreboardResponseModel.m */ = {isa = PBXFileReference; fileEncoding = 4; lastKnownFileType = sourcecode.c.objc; name = TMScoreboardResponseModel.m; path = Web/Models/Common/ResponseModels/TMScoreboardResponseModel.m; sourceTree = "<group>"; };
		C99496A51C65FDFD00EBF25D /* TMBaseService.h */ = {isa = PBXFileReference; fileEncoding = 4; lastKnownFileType = sourcecode.c.h; name = TMBaseService.h; path = Web/Services/TMBaseService.h; sourceTree = "<group>"; };
		C99496A61C65FDFD00EBF25D /* TMBaseService.m */ = {isa = PBXFileReference; fileEncoding = 4; lastKnownFileType = sourcecode.c.objc; name = TMBaseService.m; path = Web/Services/TMBaseService.m; sourceTree = "<group>"; };
		C9ED0B691C6019660085EBF2 /* Logo.png */ = {isa = PBXFileReference; lastKnownFileType = image.png; name = Logo.png; path = Images/Logo.png; sourceTree = "<group>"; };
		C9ED0B6A1C6019660085EBF2 /* SlimLogo.png */ = {isa = PBXFileReference; lastKnownFileType = image.png; name = SlimLogo.png; path = Images/SlimLogo.png; sourceTree = "<group>"; };
		C9ED0B701C6035BD0085EBF2 /* RoundedCornersButton.h */ = {isa = PBXFileReference; fileEncoding = 4; lastKnownFileType = sourcecode.c.h; name = RoundedCornersButton.h; path = Views/RoundedCornersButton.h; sourceTree = "<group>"; };
		C9ED0B711C6035BD0085EBF2 /* RoundedCornersButton.m */ = {isa = PBXFileReference; fileEncoding = 4; lastKnownFileType = sourcecode.c.objc; name = RoundedCornersButton.m; path = Views/RoundedCornersButton.m; sourceTree = "<group>"; };
		C9FDE05F1C62B8CD005D0FDB /* CustomTabBarItem.h */ = {isa = PBXFileReference; fileEncoding = 4; lastKnownFileType = sourcecode.c.h; name = CustomTabBarItem.h; path = Views/CustomTabBarItem.h; sourceTree = "<group>"; };
		C9FDE0601C62B8CD005D0FDB /* CustomTabBarItem.m */ = {isa = PBXFileReference; fileEncoding = 4; lastKnownFileType = sourcecode.c.objc; name = CustomTabBarItem.m; path = Views/CustomTabBarItem.m; sourceTree = "<group>"; };
		C9FDE0691C62BE4B005D0FDB /* TMTouristSitesServices.h */ = {isa = PBXFileReference; fileEncoding = 4; lastKnownFileType = sourcecode.c.h; name = TMTouristSitesServices.h; path = Web/Services/TMTouristSitesServices.h; sourceTree = "<group>"; };
		C9FDE06A1C62BE4B005D0FDB /* TMTouristSitesServices.m */ = {isa = PBXFileReference; fileEncoding = 4; lastKnownFileType = sourcecode.c.objc; name = TMTouristSitesServices.m; path = Web/Services/TMTouristSitesServices.m; sourceTree = "<group>"; };
/* End PBXFileReference section */

/* Begin PBXFrameworksBuildPhase section */
		C97DB6D31C5D38FA00ED629F /* Frameworks */ = {
			isa = PBXFrameworksBuildPhase;
			buildActionMask = 2147483647;
			files = (
				624F9636D6604FE555AD22BC /* Pods_BG_Tourist_Guide.framework in Frameworks */,
			);
			runOnlyForDeploymentPostprocessing = 0;
		};
/* End PBXFrameworksBuildPhase section */

/* Begin PBXGroup section */
		1526F26BE47602D5D7DD86F1 /* Frameworks */ = {
			isa = PBXGroup;
			children = (
				A354B58C9D7A83B4340F360B /* Pods_BG_Tourist_Guide.framework */,
			);
			name = Frameworks;
			sourceTree = "<group>";
		};
		C6FD79899C2F862E586469D2 /* Pods */ = {
			isa = PBXGroup;
			children = (
				099F8884153F349DFE1BC24A /* Pods-BG-Tourist-Guide.debug.xcconfig */,
				8C6557488B28C9E673BA445F /* Pods-BG-Tourist-Guide.release.xcconfig */,
			);
			name = Pods;
			sourceTree = "<group>";
		};
		C9016DA91C61657C00798C07 /* Models */ = {
			isa = PBXGroup;
			children = (
				C9016DAA1C6165AF00798C07 /* TMParentTouristSiteModel.h */,
				C9016DAB1C6165AF00798C07 /* TMParentTouristSiteModel.m */,
				C9016DAD1C6166E200798C07 /* TMTouristSiteModel.h */,
				C9016DAE1C6166E200798C07 /* TMTouristSiteModel.m */,
			);
			name = Models;
			sourceTree = "<group>";
		};
		C9016DB31C616EFC00798C07 /* Contracts */ = {
			isa = PBXGroup;
			children = (
				C9041B591C64A361004B5708 /* TMParentTouristSiteContracts.h */,
				C9041B5A1C64A361004B5708 /* TMParentTouristSiteContracts.m */,
				C9041B5B1C64A361004B5708 /* TMTouristSiteContracts.h */,
				C9041B5C1C64A361004B5708 /* TMTouristSiteContracts.m */,
			);
			name = Contracts;
			sourceTree = "<group>";
		};
		C9041B2D1C64A227004B5708 /* TouristSites */ = {
			isa = PBXGroup;
			children = (
				C9041B4A1C64A2AC004B5708 /* OfficialTouristSitesViewController.h */,
				C9041B4B1C64A2AC004B5708 /* OfficialTouristSitesViewController.m */,
				C9041B4C1C64A2AC004B5708 /* ParentDetailsViewController.h */,
				C9041B4D1C64A2AC004B5708 /* ParentDetailsViewController.m */,
				C9041B4E1C64A2AC004B5708 /* RateViewController.h */,
				C9041B4F1C64A2AC004B5708 /* RateViewController.m */,
				C9041B531C64A2CF004B5708 /* TouristSiteDetailsViewController.h */,
				C9041B541C64A2CF004B5708 /* TouristSiteDetailsViewController.m */,
				C9041B5F1C64CEC9004B5708 /* NearMeViewController.h */,
				C9041B601C64CEC9004B5708 /* NearMeViewController.m */,
				C99496651C65581500EBF25D /* AddParentTouristSiteViewController.h */,
				C99496661C65581500EBF25D /* AddParentTouristSiteViewController.m */,
				C994966F1C65689800EBF25D /* AddTouristSiteViewController.h */,
				C99496701C65689800EBF25D /* AddTouristSiteViewController.m */,
				C99496721C65DF4A00EBF25D /* UnofficialTouristSitesViewController.h */,
				C99496731C65DF4A00EBF25D /* UnofficialTouristSitesViewController.m */,
			);
			name = TouristSites;
			sourceTree = "<group>";
		};
		C9041B2E1C64A235004B5708 /* Account */ = {
			isa = PBXGroup;
			children = (
				C9041B441C64A29D004B5708 /* LoginViewController.h */,
				C9041B451C64A29D004B5708 /* LoginViewController.m */,
				C9041B461C64A29D004B5708 /* RegisterViewController.h */,
				C9041B471C64A29D004B5708 /* RegisterViewController.m */,
			);
			name = Account;
			sourceTree = "<group>";
		};
		C954C7B11C60159000E12996 /* ViewControllers */ = {
			isa = PBXGroup;
			children = (
				C9041B2E1C64A235004B5708 /* Account */,
				C9041B2D1C64A227004B5708 /* TouristSites */,
				C954C7B41C6015AA00E12996 /* MainViewController.h */,
				C954C7B51C6015AA00E12996 /* MainViewController.m */,
				C99496751C65FB9E00EBF25D /* ScoreboardViewController.h */,
				C99496761C65FB9E00EBF25D /* ScoreboardViewController.m */,
			);
			name = ViewControllers;
			sourceTree = "<group>";
		};
		C954C7BB1C6015D400E12996 /* Common */ = {
			isa = PBXGroup;
			children = (
				C954C7BC1C6015E300E12996 /* TMActivityIndicatorFactory.h */,
				C954C7BD1C6015E300E12996 /* TMActivityIndicatorFactory.m */,
				C954C7BE1C6015E300E12996 /* TMAlertControllerFactory.h */,
				C954C7BF1C6015E300E12996 /* TMAlertControllerFactory.m */,
				C954C7C01C6015E300E12996 /* TMConstants.h */,
				C954C7C11C6015E300E12996 /* TMConstants.m */,
				C96066DC1C6256E10070D36E /* TMProgressAlertDialog.h */,
				C96066DD1C6256E10070D36E /* TMProgressAlertDialog.m */,
			);
			name = Common;
			sourceTree = "<group>";
		};
		C954C7C81C6015EC00E12996 /* Web */ = {
			isa = PBXGroup;
			children = (
				C994967B1C65FC4400EBF25D /* Models */,
				C9FDE0681C62BE0D005D0FDB /* Services */,
				C954C7D51C60165C00E12996 /* TMRequester.h */,
				C954C7D61C60165C00E12996 /* TMRequester.m */,
			);
			name = Web;
			sourceTree = "<group>";
		};
		C954C7C91C6015F300E12996 /* UserModels */ = {
			isa = PBXGroup;
			children = (
				C954C7CB1C60160900E12996 /* ResponseModels */,
				C954C7CA1C6015FA00E12996 /* RequestModels */,
			);
			name = UserModels;
			sourceTree = "<group>";
		};
		C954C7CA1C6015FA00E12996 /* RequestModels */ = {
			isa = PBXGroup;
			children = (
				C994969A1C65FCD900EBF25D /* TMUserLoginRequestModel.h */,
				C994969B1C65FCD900EBF25D /* TMUserLoginRequestModel.m */,
				C994969C1C65FCD900EBF25D /* TMUserRegisterRequestModel.h */,
				C994969D1C65FCD900EBF25D /* TMUserRegisterRequestModel.m */,
			);
			name = RequestModels;
			sourceTree = "<group>";
		};
		C954C7CB1C60160900E12996 /* ResponseModels */ = {
			isa = PBXGroup;
			children = (
				C99496971C65FCCF00EBF25D /* TMUserLoginResponseModel.h */,
				C99496981C65FCCF00EBF25D /* TMUserLoginResponseModel.m */,
			);
			name = ResponseModels;
			sourceTree = "<group>";
		};
		C97DB6CD1C5D38FA00ED629F = {
			isa = PBXGroup;
			children = (
				C97DB6D81C5D38FA00ED629F /* BG-Tourist-Guide */,
				C97DB6D71C5D38FA00ED629F /* Products */,
				C6FD79899C2F862E586469D2 /* Pods */,
				1526F26BE47602D5D7DD86F1 /* Frameworks */,
			);
			sourceTree = "<group>";
		};
		C97DB6D71C5D38FA00ED629F /* Products */ = {
			isa = PBXGroup;
			children = (
				C97DB6D61C5D38FA00ED629F /* BG-Tourist-Guide.app */,
			);
			name = Products;
			sourceTree = "<group>";
		};
		C97DB6D81C5D38FA00ED629F /* BG-Tourist-Guide */ = {
			isa = PBXGroup;
			children = (
				C9E86B0D1C60D44F00B87456 /* Data */,
				C954C7BB1C6015D400E12996 /* Common */,
				C954C7C81C6015EC00E12996 /* Web */,
				C9ED0B671C6019080085EBF2 /* Resources */,
				C9ED0B6D1C6035450085EBF2 /* Views */,
				C954C7B11C60159000E12996 /* ViewControllers */,
				C97DB6DC1C5D38FA00ED629F /* AppDelegate.h */,
				C97DB6DD1C5D38FA00ED629F /* AppDelegate.m */,
				C97DB6E21C5D38FB00ED629F /* Main.storyboard */,
				C97DB6E51C5D38FB00ED629F /* Assets.xcassets */,
				C97DB6E71C5D38FB00ED629F /* LaunchScreen.storyboard */,
				C97DB6EA1C5D38FB00ED629F /* Info.plist */,
				C97DB6D91C5D38FA00ED629F /* Supporting Files */,
			);
			path = "BG-Tourist-Guide";
			sourceTree = "<group>";
		};
		C97DB6D91C5D38FA00ED629F /* Supporting Files */ = {
			isa = PBXGroup;
			children = (
				C97DB6DA1C5D38FA00ED629F /* main.m */,
			);
			name = "Supporting Files";
			sourceTree = "<group>";
		};
		C99496681C655A5B00EBF25D /* RequestModels */ = {
			isa = PBXGroup;
			children = (
				C994967C1C65FC8600EBF25D /* TMParentTouristSiteRequestModel.h */,
				C994967D1C65FC8600EBF25D /* TMParentTouristSiteRequestModel.m */,
				C994967E1C65FC8600EBF25D /* TMTouristSiteRequestModel.h */,
				C994967F1C65FC8600EBF25D /* TMTouristSiteRequestModel.m */,
			);
			name = RequestModels;
			sourceTree = "<group>";
		};
		C994967B1C65FC4400EBF25D /* Models */ = {
			isa = PBXGroup;
			children = (
				C99496A01C65FCE300EBF25D /* Common */,
				C9FDE0621C62BCDC005D0FDB /* TouristSiteModels */,
				C954C7C91C6015F300E12996 /* UserModels */,
			);
			name = Models;
			sourceTree = "<group>";
		};
		C99496A01C65FCE300EBF25D /* Common */ = {
			isa = PBXGroup;
			children = (
				C99496A11C65FCE800EBF25D /* ResponseModels */,
			);
			name = Common;
			sourceTree = "<group>";
		};
		C99496A11C65FCE800EBF25D /* ResponseModels */ = {
			isa = PBXGroup;
			children = (
				C99496A21C65FD0700EBF25D /* TMScoreboardResponseModel.h */,
				C99496A31C65FD0700EBF25D /* TMScoreboardResponseModel.m */,
			);
			name = ResponseModels;
			sourceTree = "<group>";
		};
		C9E86B0D1C60D44F00B87456 /* Data */ = {
			isa = PBXGroup;
			children = (
				C9016DB31C616EFC00798C07 /* Contracts */,
				C9016DA91C61657C00798C07 /* Models */,
				C9041B561C64A34C004B5708 /* TMSQLiteDatabaseHandler.h */,
				C9041B571C64A34C004B5708 /* TMSQLiteDatabaseHandler.m */,
			);
			name = Data;
			sourceTree = "<group>";
		};
		C9ED0B671C6019080085EBF2 /* Resources */ = {
			isa = PBXGroup;
			children = (
				C9ED0B681C6019120085EBF2 /* Images */,
			);
			name = Resources;
			sourceTree = "<group>";
		};
		C9ED0B681C6019120085EBF2 /* Images */ = {
			isa = PBXGroup;
			children = (
				C96066DA1C622BD00070D36E /* Bulgarian-Gerb.gif */,
				C9ED0B691C6019660085EBF2 /* Logo.png */,
				C9ED0B6A1C6019660085EBF2 /* SlimLogo.png */,
			);
			name = Images;
			sourceTree = "<group>";
		};
		C9ED0B6D1C6035450085EBF2 /* Views */ = {
			isa = PBXGroup;
			children = (
				C9ED0B701C6035BD0085EBF2 /* RoundedCornersButton.h */,
				C9ED0B711C6035BD0085EBF2 /* RoundedCornersButton.m */,
				C9FDE05F1C62B8CD005D0FDB /* CustomTabBarItem.h */,
				C9FDE0601C62B8CD005D0FDB /* CustomTabBarItem.m */,
			);
			name = Views;
			sourceTree = "<group>";
		};
		C9FDE0621C62BCDC005D0FDB /* TouristSiteModels */ = {
			isa = PBXGroup;
			children = (
				C99496681C655A5B00EBF25D /* RequestModels */,
				C9FDE0631C62BD6C005D0FDB /* ResponseModels */,
			);
			name = TouristSiteModels;
			sourceTree = "<group>";
		};
		C9FDE0631C62BD6C005D0FDB /* ResponseModels */ = {
			isa = PBXGroup;
			children = (
				C99496821C65FC9200EBF25D /* TMParentTouristSiteInfoResponseModel.h */,
				C99496831C65FC9200EBF25D /* TMParentTouristSiteInfoResponseModel.m */,
				C99496841C65FC9200EBF25D /* TMParentTouristSiteResponseModel.h */,
				C99496851C65FC9200EBF25D /* TMParentTouristSiteResponseModel.m */,
				C99496861C65FC9200EBF25D /* TMSimpleParentTouristSiteResponseModel.h */,
				C99496871C65FC9200EBF25D /* TMSimpleParentTouristSiteResponseModel.m */,
				C99496881C65FC9200EBF25D /* TMSimpleTouristSiteResponseModel.h */,
				C99496891C65FC9200EBF25D /* TMSimpleTouristSiteResponseModel.m */,
				C994968A1C65FC9200EBF25D /* TMTouristSiteResponseModel.h */,
				C994968B1C65FC9200EBF25D /* TMTouristSiteResponseModel.m */,
			);
			name = ResponseModels;
			sourceTree = "<group>";
		};
		C9FDE0681C62BE0D005D0FDB /* Services */ = {
			isa = PBXGroup;
			children = (
				C9FDE0691C62BE4B005D0FDB /* TMTouristSitesServices.h */,
				C9FDE06A1C62BE4B005D0FDB /* TMTouristSitesServices.m */,
				C99496781C65FC0500EBF25D /* TMCommonServices.h */,
				C99496791C65FC0500EBF25D /* TMCommonServices.m */,
				C99496A51C65FDFD00EBF25D /* TMBaseService.h */,
				C99496A61C65FDFD00EBF25D /* TMBaseService.m */,
			);
			name = Services;
			sourceTree = "<group>";
		};
/* End PBXGroup section */

/* Begin PBXNativeTarget section */
		C97DB6D51C5D38FA00ED629F /* BG-Tourist-Guide */ = {
			isa = PBXNativeTarget;
			buildConfigurationList = C97DB6ED1C5D38FB00ED629F /* Build configuration list for PBXNativeTarget "BG-Tourist-Guide" */;
			buildPhases = (
				010F199A4996BB1183CA40B2 /* Check Pods Manifest.lock */,
				C97DB6D21C5D38FA00ED629F /* Sources */,
				C97DB6D31C5D38FA00ED629F /* Frameworks */,
				C97DB6D41C5D38FA00ED629F /* Resources */,
				93EBC1A24DC97F807C5D9EBC /* Embed Pods Frameworks */,
				462BF47AF08973F698B4D4E2 /* Copy Pods Resources */,
			);
			buildRules = (
			);
			dependencies = (
			);
			name = "BG-Tourist-Guide";
			productName = "BG-Tourist-Guide";
			productReference = C97DB6D61C5D38FA00ED629F /* BG-Tourist-Guide.app */;
			productType = "com.apple.product-type.application";
		};
/* End PBXNativeTarget section */

/* Begin PBXProject section */
		C97DB6CE1C5D38FA00ED629F /* Project object */ = {
			isa = PBXProject;
			attributes = {
				LastUpgradeCheck = 0730;
				ORGANIZATIONNAME = Hakintosh;
				TargetAttributes = {
					C97DB6D51C5D38FA00ED629F = {
						CreatedOnToolsVersion = 7.3;
						DevelopmentTeam = V4K6672YUV;
					};
				};
			};
			buildConfigurationList = C97DB6D11C5D38FA00ED629F /* Build configuration list for PBXProject "BG-Tourist-Guide" */;
			compatibilityVersion = "Xcode 3.2";
			developmentRegion = English;
			hasScannedForEncodings = 0;
			knownRegions = (
				en,
				Base,
			);
			mainGroup = C97DB6CD1C5D38FA00ED629F;
			productRefGroup = C97DB6D71C5D38FA00ED629F /* Products */;
			projectDirPath = "";
			projectRoot = "";
			targets = (
				C97DB6D51C5D38FA00ED629F /* BG-Tourist-Guide */,
			);
		};
/* End PBXProject section */

/* Begin PBXResourcesBuildPhase section */
		C97DB6D41C5D38FA00ED629F /* Resources */ = {
			isa = PBXResourcesBuildPhase;
			buildActionMask = 2147483647;
			files = (
				C96066DB1C622BD00070D36E /* Bulgarian-Gerb.gif in Resources */,
				C97DB6E91C5D38FB00ED629F /* LaunchScreen.storyboard in Resources */,
				C9ED0B6B1C6019660085EBF2 /* Logo.png in Resources */,
				C97DB6E61C5D38FB00ED629F /* Assets.xcassets in Resources */,
				C97DB6E41C5D38FB00ED629F /* Main.storyboard in Resources */,
				C9ED0B6C1C6019660085EBF2 /* SlimLogo.png in Resources */,
			);
			runOnlyForDeploymentPostprocessing = 0;
		};
/* End PBXResourcesBuildPhase section */

/* Begin PBXShellScriptBuildPhase section */
		010F199A4996BB1183CA40B2 /* Check Pods Manifest.lock */ = {
			isa = PBXShellScriptBuildPhase;
			buildActionMask = 2147483647;
			files = (
			);
			inputPaths = (
			);
			name = "Check Pods Manifest.lock";
			outputPaths = (
			);
			runOnlyForDeploymentPostprocessing = 0;
			shellPath = /bin/sh;
			shellScript = "diff \"${PODS_ROOT}/../Podfile.lock\" \"${PODS_ROOT}/Manifest.lock\" > /dev/null\nif [[ $? != 0 ]] ; then\n    cat << EOM\nerror: The sandbox is not in sync with the Podfile.lock. Run 'pod install' or update your CocoaPods installation.\nEOM\n    exit 1\nfi\n";
			showEnvVarsInLog = 0;
		};
		462BF47AF08973F698B4D4E2 /* Copy Pods Resources */ = {
			isa = PBXShellScriptBuildPhase;
			buildActionMask = 2147483647;
			files = (
			);
			inputPaths = (
			);
			name = "Copy Pods Resources";
			outputPaths = (
			);
			runOnlyForDeploymentPostprocessing = 0;
			shellPath = /bin/sh;
			shellScript = "\"${SRCROOT}/Pods/Target Support Files/Pods-BG-Tourist-Guide/Pods-BG-Tourist-Guide-resources.sh\"\n";
			showEnvVarsInLog = 0;
		};
		93EBC1A24DC97F807C5D9EBC /* Embed Pods Frameworks */ = {
			isa = PBXShellScriptBuildPhase;
			buildActionMask = 2147483647;
			files = (
			);
			inputPaths = (
			);
			name = "Embed Pods Frameworks";
			outputPaths = (
			);
			runOnlyForDeploymentPostprocessing = 0;
			shellPath = /bin/sh;
			shellScript = "\"${SRCROOT}/Pods/Target Support Files/Pods-BG-Tourist-Guide/Pods-BG-Tourist-Guide-frameworks.sh\"\n";
			showEnvVarsInLog = 0;
		};
/* End PBXShellScriptBuildPhase section */

/* Begin PBXSourcesBuildPhase section */
		C97DB6D21C5D38FA00ED629F /* Sources */ = {
			isa = PBXSourcesBuildPhase;
			buildActionMask = 2147483647;
			files = (
				C99496671C65581500EBF25D /* AddParentTouristSiteViewController.m in Sources */,
				C99496811C65FC8600EBF25D /* TMTouristSiteRequestModel.m in Sources */,
				C9016DAC1C6165AF00798C07 /* TMParentTouristSiteModel.m in Sources */,
				C9FDE06B1C62BE4B005D0FDB /* TMTouristSitesServices.m in Sources */,
				C99496A41C65FD0700EBF25D /* TMScoreboardResponseModel.m in Sources */,
				C994967A1C65FC0500EBF25D /* TMCommonServices.m in Sources */,
				C97DB6DE1C5D38FA00ED629F /* AppDelegate.m in Sources */,
				C99496771C65FB9E00EBF25D /* ScoreboardViewController.m in Sources */,
				C994968E1C65FC9200EBF25D /* TMSimpleParentTouristSiteResponseModel.m in Sources */,
				C9041B501C64A2AC004B5708 /* OfficialTouristSitesViewController.m in Sources */,
				C9041B521C64A2AC004B5708 /* RateViewController.m in Sources */,
				C9041B481C64A29D004B5708 /* LoginViewController.m in Sources */,
				C994968D1C65FC9200EBF25D /* TMParentTouristSiteResponseModel.m in Sources */,
				C9016DAF1C6166E200798C07 /* TMTouristSiteModel.m in Sources */,
				C994968C1C65FC9200EBF25D /* TMParentTouristSiteInfoResponseModel.m in Sources */,
				C994969F1C65FCD900EBF25D /* TMUserRegisterRequestModel.m in Sources */,
				C954C7D71C60165C00E12996 /* TMRequester.m in Sources */,
				C9041B491C64A29D004B5708 /* RegisterViewController.m in Sources */,
				C99496741C65DF4A00EBF25D /* UnofficialTouristSitesViewController.m in Sources */,
				C9ED0B721C6035BD0085EBF2 /* RoundedCornersButton.m in Sources */,
				C99496801C65FC8600EBF25D /* TMParentTouristSiteRequestModel.m in Sources */,
				C99496711C65689800EBF25D /* AddTouristSiteViewController.m in Sources */,
				C97DB6DB1C5D38FA00ED629F /* main.m in Sources */,
				C9041B5E1C64A361004B5708 /* TMTouristSiteContracts.m in Sources */,
				C994969E1C65FCD900EBF25D /* TMUserLoginRequestModel.m in Sources */,
				C954C7C51C6015E300E12996 /* TMAlertControllerFactory.m in Sources */,
				C99496901C65FC9200EBF25D /* TMTouristSiteResponseModel.m in Sources */,
				C9041B611C64CEC9004B5708 /* NearMeViewController.m in Sources */,
				C9041B511C64A2AC004B5708 /* ParentDetailsViewController.m in Sources */,
				C99496991C65FCCF00EBF25D /* TMUserLoginResponseModel.m in Sources */,
				C9041B551C64A2CF004B5708 /* TouristSiteDetailsViewController.m in Sources */,
				C99496A71C65FDFD00EBF25D /* TMBaseService.m in Sources */,
				C96066DE1C6256E10070D36E /* TMProgressAlertDialog.m in Sources */,
				C954C7C41C6015E300E12996 /* TMActivityIndicatorFactory.m in Sources */,
				C994968F1C65FC9200EBF25D /* TMSimpleTouristSiteResponseModel.m in Sources */,
				C954C7C61C6015E300E12996 /* TMConstants.m in Sources */,
				C9041B5D1C64A361004B5708 /* TMParentTouristSiteContracts.m in Sources */,
				C9FDE0611C62B8CD005D0FDB /* CustomTabBarItem.m in Sources */,
				C9041B581C64A34C004B5708 /* TMSQLiteDatabaseHandler.m in Sources */,
				C954C7B91C6015AA00E12996 /* MainViewController.m in Sources */,
			);
			runOnlyForDeploymentPostprocessing = 0;
		};
/* End PBXSourcesBuildPhase section */

/* Begin PBXVariantGroup section */
		C97DB6E21C5D38FB00ED629F /* Main.storyboard */ = {
			isa = PBXVariantGroup;
			children = (
				C97DB6E31C5D38FB00ED629F /* Base */,
			);
			name = Main.storyboard;
			sourceTree = "<group>";
		};
		C97DB6E71C5D38FB00ED629F /* LaunchScreen.storyboard */ = {
			isa = PBXVariantGroup;
			children = (
				C97DB6E81C5D38FB00ED629F /* Base */,
			);
			name = LaunchScreen.storyboard;
			sourceTree = "<group>";
		};
/* End PBXVariantGroup section */

/* Begin XCBuildConfiguration section */
		C97DB6EB1C5D38FB00ED629F /* Debug */ = {
			isa = XCBuildConfiguration;
			buildSettings = {
				ALWAYS_SEARCH_USER_PATHS = NO;
				CLANG_CXX_LANGUAGE_STANDARD = "gnu++0x";
				CLANG_CXX_LIBRARY = "libc++";
				CLANG_ENABLE_MODULES = YES;
				CLANG_ENABLE_OBJC_ARC = YES;
				CLANG_WARN_BOOL_CONVERSION = YES;
				CLANG_WARN_CONSTANT_CONVERSION = YES;
				CLANG_WARN_DIRECT_OBJC_ISA_USAGE = YES_ERROR;
				CLANG_WARN_EMPTY_BODY = YES;
				CLANG_WARN_ENUM_CONVERSION = YES;
				CLANG_WARN_INT_CONVERSION = YES;
				CLANG_WARN_OBJC_ROOT_CLASS = YES_ERROR;
				CLANG_WARN_UNREACHABLE_CODE = YES;
				CLANG_WARN__DUPLICATE_METHOD_MATCH = YES;
				"CODE_SIGN_IDENTITY[sdk=iphoneos*]" = "iPhone Developer";
				COPY_PHASE_STRIP = NO;
				DEBUG_INFORMATION_FORMAT = dwarf;
				ENABLE_STRICT_OBJC_MSGSEND = YES;
				ENABLE_TESTABILITY = YES;
				GCC_C_LANGUAGE_STANDARD = gnu99;
				GCC_DYNAMIC_NO_PIC = NO;
				GCC_NO_COMMON_BLOCKS = YES;
				GCC_OPTIMIZATION_LEVEL = 0;
				GCC_PREPROCESSOR_DEFINITIONS = (
					"DEBUG=1",
					"$(inherited)",
				);
				GCC_WARN_64_TO_32_BIT_CONVERSION = YES;
				GCC_WARN_ABOUT_RETURN_TYPE = YES_ERROR;
				GCC_WARN_UNDECLARED_SELECTOR = YES;
				GCC_WARN_UNINITIALIZED_AUTOS = YES_AGGRESSIVE;
				GCC_WARN_UNUSED_FUNCTION = YES;
				GCC_WARN_UNUSED_VARIABLE = YES;
				IPHONEOS_DEPLOYMENT_TARGET = 9.3;
				MTL_ENABLE_DEBUG_INFO = YES;
				ONLY_ACTIVE_ARCH = YES;
				SDKROOT = iphoneos;
			};
			name = Debug;
		};
		C97DB6EC1C5D38FB00ED629F /* Release */ = {
			isa = XCBuildConfiguration;
			buildSettings = {
				ALWAYS_SEARCH_USER_PATHS = NO;
				CLANG_CXX_LANGUAGE_STANDARD = "gnu++0x";
				CLANG_CXX_LIBRARY = "libc++";
				CLANG_ENABLE_MODULES = YES;
				CLANG_ENABLE_OBJC_ARC = YES;
				CLANG_WARN_BOOL_CONVERSION = YES;
				CLANG_WARN_CONSTANT_CONVERSION = YES;
				CLANG_WARN_DIRECT_OBJC_ISA_USAGE = YES_ERROR;
				CLANG_WARN_EMPTY_BODY = YES;
				CLANG_WARN_ENUM_CONVERSION = YES;
				CLANG_WARN_INT_CONVERSION = YES;
				CLANG_WARN_OBJC_ROOT_CLASS = YES_ERROR;
				CLANG_WARN_UNREACHABLE_CODE = YES;
				CLANG_WARN__DUPLICATE_METHOD_MATCH = YES;
				"CODE_SIGN_IDENTITY[sdk=iphoneos*]" = "iPhone Developer";
				COPY_PHASE_STRIP = NO;
				DEBUG_INFORMATION_FORMAT = "dwarf-with-dsym";
				ENABLE_NS_ASSERTIONS = NO;
				ENABLE_STRICT_OBJC_MSGSEND = YES;
				GCC_C_LANGUAGE_STANDARD = gnu99;
				GCC_NO_COMMON_BLOCKS = YES;
				GCC_WARN_64_TO_32_BIT_CONVERSION = YES;
				GCC_WARN_ABOUT_RETURN_TYPE = YES_ERROR;
				GCC_WARN_UNDECLARED_SELECTOR = YES;
				GCC_WARN_UNINITIALIZED_AUTOS = YES_AGGRESSIVE;
				GCC_WARN_UNUSED_FUNCTION = YES;
				GCC_WARN_UNUSED_VARIABLE = YES;
				IPHONEOS_DEPLOYMENT_TARGET = 9.3;
				MTL_ENABLE_DEBUG_INFO = NO;
				SDKROOT = iphoneos;
				VALIDATE_PRODUCT = YES;
			};
			name = Release;
		};
		C97DB6EE1C5D38FB00ED629F /* Debug */ = {
			isa = XCBuildConfiguration;
			baseConfigurationReference = 099F8884153F349DFE1BC24A /* Pods-BG-Tourist-Guide.debug.xcconfig */;
			buildSettings = {
				ASSETCATALOG_COMPILER_APPICON_NAME = AppIcon;
				CODE_SIGN_IDENTITY = "iPhone Developer";
				"CODE_SIGN_IDENTITY[sdk=iphoneos*]" = "iPhone Developer";
				INFOPLIST_FILE = "BG-Tourist-Guide/Info.plist";
				LD_RUNPATH_SEARCH_PATHS = "$(inherited) @executable_path/Frameworks";
				PRODUCT_BUNDLE_IDENTIFIER = "lab.hakintosh.BG-Tourist-Guide";
				PRODUCT_NAME = "$(TARGET_NAME)";
				PROVISIONING_PROFILE = "";
			};
			name = Debug;
		};
		C97DB6EF1C5D38FB00ED629F /* Release */ = {
			isa = XCBuildConfiguration;
			baseConfigurationReference = 8C6557488B28C9E673BA445F /* Pods-BG-Tourist-Guide.release.xcconfig */;
			buildSettings = {
				ASSETCATALOG_COMPILER_APPICON_NAME = AppIcon;
				CODE_SIGN_IDENTITY = "iPhone Developer";
				"CODE_SIGN_IDENTITY[sdk=iphoneos*]" = "iPhone Developer";
				INFOPLIST_FILE = "BG-Tourist-Guide/Info.plist";
				LD_RUNPATH_SEARCH_PATHS = "$(inherited) @executable_path/Frameworks";
				PRODUCT_BUNDLE_IDENTIFIER = "lab.hakintosh.BG-Tourist-Guide";
				PRODUCT_NAME = "$(TARGET_NAME)";
				PROVISIONING_PROFILE = "";
			};
			name = Release;
		};
/* End XCBuildConfiguration section */

/* Begin XCConfigurationList section */
		C97DB6D11C5D38FA00ED629F /* Build configuration list for PBXProject "BG-Tourist-Guide" */ = {
			isa = XCConfigurationList;
			buildConfigurations = (
				C97DB6EB1C5D38FB00ED629F /* Debug */,
				C97DB6EC1C5D38FB00ED629F /* Release */,
			);
			defaultConfigurationIsVisible = 0;
			defaultConfigurationName = Release;
		};
		C97DB6ED1C5D38FB00ED629F /* Build configuration list for PBXNativeTarget "BG-Tourist-Guide" */ = {
			isa = XCConfigurationList;
			buildConfigurations = (
				C97DB6EE1C5D38FB00ED629F /* Debug */,
				C97DB6EF1C5D38FB00ED629F /* Release */,
			);
			defaultConfigurationIsVisible = 0;
			defaultConfigurationName = Release;
		};
/* End XCConfigurationList section */
	};
	rootObject = C97DB6CE1C5D38FA00ED629F /* Project object */;
}
